
Microsoft Visual Studio Solution File, Format Version 12.00
# Visual Studio 15
VisualStudioVersion = 15.0.28010.2016
MinimumVisualStudioVersion = 10.0.40219.1
Project("{FAE04EC0-301F-11D3-BF4B-00C04F79EFBC}") = "ConsoleApp2", "ConsoleApp2\ConsoleApp2.csproj", "{7CF0438E-8559-472F-AA12-00D07FE9F806}"
EndProject
Global
	GlobalSection(SolutionConfigurationPlatforms) = preSolution
		Debug|Any CPU = Debug|Any CPU
		Release|Any CPU = Release|Any CPU
	EndGlobalSection
	GlobalSection(ProjectConfigurationPlatforms) = postSolution
		{7CF0438E-8559-472F-AA12-00D07FE9F806}.Debug|Any CPU.ActiveCfg = Debug|Any CPU
		{7CF0438E-8559-472F-AA12-00D07FE9F806}.Debug|Any CPU.Build.0 = Debug|Any CPU
		{7CF0438E-8559-472F-AA12-00D07FE9F806}.Release|Any CPU.ActiveCfg = Release|Any CPU
		{7CF0438E-8559-472F-AA12-00D07FE9F806}.Release|Any CPU.Build.0 = Release|Any CPU
	EndGlobalSection
	GlobalSection(SolutionProperties) = preSolution
		HideSolutionNode = FALSE
	EndGlobalSection
	GlobalSection(ExtensibilityGlobals) = postSolution
		SolutionGuid = {FE94623C-B0C5-438D-B4D8-2D6CE4359BC1}
	EndGlobalSection
EndGlobal
