
Microsoft Visual Studio Solution File, Format Version 12.00
# Visual Studio 15
Project("{FAE04EC0-301F-11D3-BF4B-00C04F79EFBC}") = "testApp", "testApp.csproj", "{1FE4DDB3-9761-47DF-94C1-9FCE572E2FEA}"
EndProject
Global
	GlobalSection(SolutionConfigurationPlatforms) = preSolution
		Debug|Any CPU = Debug|Any CPU
	EndGlobalSection
	GlobalSection(ProjectConfigurationPlatforms) = postSolution
		{1FE4DDB3-9761-47DF-94C1-9FCE572E2FEA}.Debug|Any CPU.ActiveCfg = Debug|Any CPU
		{1FE4DDB3-9761-47DF-94C1-9FCE572E2FEA}.Debug|Any CPU.Build.0 = Debug|Any CPU
	EndGlobalSection
EndGlobal
